
Microsoft Visual Studio Solution File, Format Version 12.00
# Visual Studio Version 17
VisualStudioVersion = 17.0.32126.317
MinimumVisualStudioVersion = 10.0.40219.1
Project("{FAE04EC0-301F-11D3-BF4B-00C04F79EFBC}") = "Mystat", "Mystat\Mystat.csproj", "{BA99C7F7-3032-4425-976F-D2246DC48D8B}"
EndProject
Global
	GlobalSection(SolutionConfigurationPlatforms) = preSolution
		Debug|Any CPU = Debug|Any CPU
		Release|Any CPU = Release|Any CPU
	EndGlobalSection
	GlobalSection(ProjectConfigurationPlatforms) = postSolution
		{BA99C7F7-3032-4425-976F-D2246DC48D8B}.Debug|Any CPU.ActiveCfg = Debug|Any CPU
		{BA99C7F7-3032-4425-976F-D2246DC48D8B}.Debug|Any CPU.Build.0 = Debug|Any CPU
		{BA99C7F7-3032-4425-976F-D2246DC48D8B}.Release|Any CPU.ActiveCfg = Release|Any CPU
		{BA99C7F7-3032-4425-976F-D2246DC48D8B}.Release|Any CPU.Build.0 = Release|Any CPU
	EndGlobalSection
	GlobalSection(SolutionProperties) = preSolution
		HideSolutionNode = FALSE
	EndGlobalSection
	GlobalSection(ExtensibilityGlobals) = postSolution
		SolutionGuid = {A4D56569-5C56-43A5-93AA-FAC042E62CC0}
	EndGlobalSection
EndGlobal
