
Microsoft Visual Studio Solution File, Format Version 12.00
# Visual Studio Version 17
VisualStudioVersion = 17.0.32126.317
MinimumVisualStudioVersion = 10.0.40219.1
Project("{FAE04EC0-301F-11D3-BF4B-00C04F79EFBC}") = "Stock", "Stock\Stock.csproj", "{BF95AACC-4F69-4043-BD2D-284C0B1B57E9}"
EndProject
Global
	GlobalSection(SolutionConfigurationPlatforms) = preSolution
		Debug|Any CPU = Debug|Any CPU
		Release|Any CPU = Release|Any CPU
	EndGlobalSection
	GlobalSection(ProjectConfigurationPlatforms) = postSolution
		{BF95AACC-4F69-4043-BD2D-284C0B1B57E9}.Debug|Any CPU.ActiveCfg = Debug|Any CPU
		{BF95AACC-4F69-4043-BD2D-284C0B1B57E9}.Debug|Any CPU.Build.0 = Debug|Any CPU
		{BF95AACC-4F69-4043-BD2D-284C0B1B57E9}.Release|Any CPU.ActiveCfg = Release|Any CPU
		{BF95AACC-4F69-4043-BD2D-284C0B1B57E9}.Release|Any CPU.Build.0 = Release|Any CPU
	EndGlobalSection
	GlobalSection(SolutionProperties) = preSolution
		HideSolutionNode = FALSE
	EndGlobalSection
	GlobalSection(ExtensibilityGlobals) = postSolution
		SolutionGuid = {F5D491E9-C41B-46B2-ABD3-3F2C15E7A4A2}
	EndGlobalSection
EndGlobal
