
Microsoft Visual Studio Solution File, Format Version 12.00
# Visual Studio Version 16
VisualStudioVersion = 16.0.32106.194
MinimumVisualStudioVersion = 10.0.40219.1
Project("{FAE04EC0-301F-11D3-BF4B-00C04F79EFBC}") = "Partial Class File", "Partial Class File\Partial Class File.csproj", "{9821BCB3-ABC9-43CA-B1C8-B38D2F3D73A5}"
EndProject
Global
	GlobalSection(SolutionConfigurationPlatforms) = preSolution
		Debug|Any CPU = Debug|Any CPU
		Release|Any CPU = Release|Any CPU
	EndGlobalSection
	GlobalSection(ProjectConfigurationPlatforms) = postSolution
		{9821BCB3-ABC9-43CA-B1C8-B38D2F3D73A5}.Debug|Any CPU.ActiveCfg = Debug|Any CPU
		{9821BCB3-ABC9-43CA-B1C8-B38D2F3D73A5}.Debug|Any CPU.Build.0 = Debug|Any CPU
		{9821BCB3-ABC9-43CA-B1C8-B38D2F3D73A5}.Release|Any CPU.ActiveCfg = Release|Any CPU
		{9821BCB3-ABC9-43CA-B1C8-B38D2F3D73A5}.Release|Any CPU.Build.0 = Release|Any CPU
	EndGlobalSection
	GlobalSection(SolutionProperties) = preSolution
		HideSolutionNode = FALSE
	EndGlobalSection
	GlobalSection(ExtensibilityGlobals) = postSolution
		SolutionGuid = {4CCB50A9-6EC0-4EF0-9263-C36FEBA1B0E8}
	EndGlobalSection
EndGlobal
