
Microsoft Visual Studio Solution File, Format Version 12.00
# Visual Studio Version 17
VisualStudioVersion = 17.0.32126.317
MinimumVisualStudioVersion = 10.0.40219.1
Project("{FAE04EC0-301F-11D3-BF4B-00C04F79EFBC}") = "Catalog", "Catalog\Catalog.csproj", "{8B215108-01E9-44E8-9B35-E8166A8AD96F}"
EndProject
Global
	GlobalSection(SolutionConfigurationPlatforms) = preSolution
		Debug|Any CPU = Debug|Any CPU
		Release|Any CPU = Release|Any CPU
	EndGlobalSection
	GlobalSection(ProjectConfigurationPlatforms) = postSolution
		{8B215108-01E9-44E8-9B35-E8166A8AD96F}.Debug|Any CPU.ActiveCfg = Debug|Any CPU
		{8B215108-01E9-44E8-9B35-E8166A8AD96F}.Debug|Any CPU.Build.0 = Debug|Any CPU
		{8B215108-01E9-44E8-9B35-E8166A8AD96F}.Release|Any CPU.ActiveCfg = Release|Any CPU
		{8B215108-01E9-44E8-9B35-E8166A8AD96F}.Release|Any CPU.Build.0 = Release|Any CPU
	EndGlobalSection
	GlobalSection(SolutionProperties) = preSolution
		HideSolutionNode = FALSE
	EndGlobalSection
	GlobalSection(ExtensibilityGlobals) = postSolution
		SolutionGuid = {759F2868-D04C-41A2-BC42-BA21A0694453}
	EndGlobalSection
EndGlobal
