
Microsoft Visual Studio Solution File, Format Version 12.00
# Visual Studio Version 16
VisualStudioVersion = 16.0.32106.194
MinimumVisualStudioVersion = 10.0.40219.1
Project("{FAE04EC0-301F-11D3-BF4B-00C04F79EFBC}") = "WinFormsApp1", "WinFormsApp1\WinFormsApp1.csproj", "{BF278639-CE51-43FD-8B82-A61D1D7AC878}"
EndProject
Global
	GlobalSection(SolutionConfigurationPlatforms) = preSolution
		Debug|Any CPU = Debug|Any CPU
		Release|Any CPU = Release|Any CPU
	EndGlobalSection
	GlobalSection(ProjectConfigurationPlatforms) = postSolution
		{BF278639-CE51-43FD-8B82-A61D1D7AC878}.Debug|Any CPU.ActiveCfg = Debug|Any CPU
		{BF278639-CE51-43FD-8B82-A61D1D7AC878}.Debug|Any CPU.Build.0 = Debug|Any CPU
		{BF278639-CE51-43FD-8B82-A61D1D7AC878}.Release|Any CPU.ActiveCfg = Release|Any CPU
		{BF278639-CE51-43FD-8B82-A61D1D7AC878}.Release|Any CPU.Build.0 = Release|Any CPU
	EndGlobalSection
	GlobalSection(SolutionProperties) = preSolution
		HideSolutionNode = FALSE
	EndGlobalSection
	GlobalSection(ExtensibilityGlobals) = postSolution
		SolutionGuid = {3E5818F5-C388-41B1-89F4-B3661C8D7280}
	EndGlobalSection
EndGlobal
