
Microsoft Visual Studio Solution File, Format Version 12.00
# Visual Studio Version 16
VisualStudioVersion = 16.0.32106.194
MinimumVisualStudioVersion = 10.0.40219.1
Project("{FAE04EC0-301F-11D3-BF4B-00C04F79EFBC}") = "PartialClass", "PartialClass.csproj", "{19FCD703-96F5-4885-AB2F-51BFCC90281C}"
EndProject
Global
	GlobalSection(SolutionConfigurationPlatforms) = preSolution
		Debug|Any CPU = Debug|Any CPU
		Release|Any CPU = Release|Any CPU
	EndGlobalSection
	GlobalSection(ProjectConfigurationPlatforms) = postSolution
		{19FCD703-96F5-4885-AB2F-51BFCC90281C}.Debug|Any CPU.ActiveCfg = Debug|Any CPU
		{19FCD703-96F5-4885-AB2F-51BFCC90281C}.Debug|Any CPU.Build.0 = Debug|Any CPU
		{19FCD703-96F5-4885-AB2F-51BFCC90281C}.Release|Any CPU.ActiveCfg = Release|Any CPU
		{19FCD703-96F5-4885-AB2F-51BFCC90281C}.Release|Any CPU.Build.0 = Release|Any CPU
	EndGlobalSection
	GlobalSection(SolutionProperties) = preSolution
		HideSolutionNode = FALSE
	EndGlobalSection
	GlobalSection(ExtensibilityGlobals) = postSolution
		SolutionGuid = {831161AE-6A85-438D-B22A-7A8B6436600D}
	EndGlobalSection
EndGlobal
